
Microsoft Visual Studio Solution File, Format Version 12.00
# Visual Studio Version 16
VisualStudioVersion = 16.0.32002.261
MinimumVisualStudioVersion = 10.0.40219.1
Project("{FAE04EC0-301F-11D3-BF4B-00C04F79EFBC}") = "Uchet_Oborudovania", "Uchet_Oborudovania\Uchet_Oborudovania.csproj", "{6DA67240-B004-4CE2-8F0A-ACED3ADF7298}"
EndProject
Global
	GlobalSection(SolutionConfigurationPlatforms) = preSolution
		Debug|Any CPU = Debug|Any CPU
		Release|Any CPU = Release|Any CPU
	EndGlobalSection
	GlobalSection(ProjectConfigurationPlatforms) = postSolution
		{6DA67240-B004-4CE2-8F0A-ACED3ADF7298}.Debug|Any CPU.ActiveCfg = Debug|Any CPU
		{6DA67240-B004-4CE2-8F0A-ACED3ADF7298}.Debug|Any CPU.Build.0 = Debug|Any CPU
		{6DA67240-B004-4CE2-8F0A-ACED3ADF7298}.Release|Any CPU.ActiveCfg = Release|Any CPU
		{6DA67240-B004-4CE2-8F0A-ACED3ADF7298}.Release|Any CPU.Build.0 = Release|Any CPU
	EndGlobalSection
	GlobalSection(SolutionProperties) = preSolution
		HideSolutionNode = FALSE
	EndGlobalSection
	GlobalSection(ExtensibilityGlobals) = postSolution
		SolutionGuid = {09CFEEDE-CE22-459E-AAE1-69BF5B2B2FCF}
	EndGlobalSection
EndGlobal
